<?xml version="1.0" encoding="utf-8"?>
<Project ToolsVersion="4.0" xmlns="http://schemas.microsoft.com/developer/msbuild/2003">
  <ItemGroup>
    <Filter Include="include">
      <UniqueIdentifier>{50496956-5486-48e9-bf7c-541d7639ffe7}</UniqueIdentifier>
    </Filter>
    <Filter Include="src">
      <UniqueIdentifier>{de29a761-5eda-4e54-bad7-26cffb1157c3}</UniqueIdentifier>
    </Filter>
  </ItemGroup>
  <ItemGroup>
    <ClInclude Include="include\AudioEngine.h">
      <Filter>include</Filter>
    </ClInclude>
    <ClInclude Include="include\SoundMaker.h">
      <Filter>include</Filter>
    </ClInclude>
  </ItemGroup>
  <ItemGroup>
    <ClCompile Include="src\AudioEngine.cpp">
      <Filter>src</Filter>
    </ClCompile>
    <ClCompile Include="src\SoundMaker.cpp">
      <Filter>src</Filter>
    </ClCompile>
  </ItemGroup>
</Project>